
Microsoft Visual Studio Solution File, Format Version 12.00
# Visual Studio Version 17
VisualStudioVersion = 17.5.33516.290
MinimumVisualStudioVersion = 10.0.40219.1
Project("{FAE04EC0-301F-11D3-BF4B-00C04F79EFBC}") = "Home_2", "ConsoleApp4\Home_2.csproj", "{3ABE8C87-F357-465B-9BBA-D96296B348A1}"
EndProject
Project("{FAE04EC0-301F-11D3-BF4B-00C04F79EFBC}") = "Home_1", "Home_1\Home_1.csproj", "{FB41B255-E99B-41B3-9279-CFB9D405ACA9}"
EndProject
Project("{FAE04EC0-301F-11D3-BF4B-00C04F79EFBC}") = "Home_3", "Home_3\Home_3.csproj", "{0D9E9ECE-5391-4D4C-8D90-10D9569FFAEA}"
EndProject
Project("{FAE04EC0-301F-11D3-BF4B-00C04F79EFBC}") = "Home_4", "Home_4\Home_4.csproj", "{4D1A862F-2F20-4942-A7F9-6FD6ADD24EF7}"
EndProject
Project("{FAE04EC0-301F-11D3-BF4B-00C04F79EFBC}") = "Home_5", "Home_5\Home_5.csproj", "{1D3F33D5-0509-4EC5-AC11-45EFED48E937}"
EndProject
Project("{FAE04EC0-301F-11D3-BF4B-00C04F79EFBC}") = "Home_6", "Home_6\Home_6.csproj", "{129198AB-50F7-45CD-B45C-667A829CAC2A}"
EndProject
Project("{FAE04EC0-301F-11D3-BF4B-00C04F79EFBC}") = "Home_7", "Home_7\Home_7.csproj", "{CB69B8E5-FC28-4EC2-86CB-1A1E0265CDF7}"
EndProject
Project("{FAE04EC0-301F-11D3-BF4B-00C04F79EFBC}") = "Home_8", "Home_8\Home_8.csproj", "{4EA210E1-795B-41BA-A562-297ECDE4D9C4}"
EndProject
Project("{FAE04EC0-301F-11D3-BF4B-00C04F79EFBC}") = "Home_9", "Home_9\Home_9.csproj", "{5CA0962D-7B28-461A-8E1E-5D118972FEC6}"
EndProject
Project("{FAE04EC0-301F-11D3-BF4B-00C04F79EFBC}") = "Home_10", "Home_10\Home_10.csproj", "{89485B21-2D95-4B8A-8165-D89EC6BF2176}"
EndProject
Project("{9A19103F-16F7-4668-BE54-9A1E7A4F7556}") = "Home_SeleniumTests", "Home_SeleniumTests\Home_SeleniumTests.csproj", "{945A6771-4375-4A85-A343-454543641C93}"
EndProject
Project("{9A19103F-16F7-4668-BE54-9A1E7A4F7556}") = "Home_selenium13", "Home_selenium13\Home_selenium13.csproj", "{345E1520-4F83-4452-84DA-6C3693229AB9}"
EndProject
Project("{9A19103F-16F7-4668-BE54-9A1E7A4F7556}") = "Home_12_selenium", "Home_12_selenium\Home_12_selenium.csproj", "{11AD3C46-5751-4D8B-8C9A-79AAE55CCEC6}"
EndProject
Project("{FAE04EC0-301F-11D3-BF4B-00C04F79EFBC}") = "Home_14", "Home_14\Home_14.csproj", "{8D88BAA6-8D5B-41F8-9CFC-0A333622FDD4}"
EndProject
Global
	GlobalSection(SolutionConfigurationPlatforms) = preSolution
		Debug|Any CPU = Debug|Any CPU
		Release|Any CPU = Release|Any CPU
	EndGlobalSection
	GlobalSection(ProjectConfigurationPlatforms) = postSolution
		{3ABE8C87-F357-465B-9BBA-D96296B348A1}.Debug|Any CPU.ActiveCfg = Debug|Any CPU
		{3ABE8C87-F357-465B-9BBA-D96296B348A1}.Debug|Any CPU.Build.0 = Debug|Any CPU
		{3ABE8C87-F357-465B-9BBA-D96296B348A1}.Release|Any CPU.ActiveCfg = Release|Any CPU
		{3ABE8C87-F357-465B-9BBA-D96296B348A1}.Release|Any CPU.Build.0 = Release|Any CPU
		{FB41B255-E99B-41B3-9279-CFB9D405ACA9}.Debug|Any CPU.ActiveCfg = Debug|Any CPU
		{FB41B255-E99B-41B3-9279-CFB9D405ACA9}.Debug|Any CPU.Build.0 = Debug|Any CPU
		{FB41B255-E99B-41B3-9279-CFB9D405ACA9}.Release|Any CPU.ActiveCfg = Release|Any CPU
		{FB41B255-E99B-41B3-9279-CFB9D405ACA9}.Release|Any CPU.Build.0 = Release|Any CPU
		{0D9E9ECE-5391-4D4C-8D90-10D9569FFAEA}.Debug|Any CPU.ActiveCfg = Debug|Any CPU
		{0D9E9ECE-5391-4D4C-8D90-10D9569FFAEA}.Debug|Any CPU.Build.0 = Debug|Any CPU
		{0D9E9ECE-5391-4D4C-8D90-10D9569FFAEA}.Release|Any CPU.ActiveCfg = Release|Any CPU
		{0D9E9ECE-5391-4D4C-8D90-10D9569FFAEA}.Release|Any CPU.Build.0 = Release|Any CPU
		{4D1A862F-2F20-4942-A7F9-6FD6ADD24EF7}.Debug|Any CPU.ActiveCfg = Debug|Any CPU
		{4D1A862F-2F20-4942-A7F9-6FD6ADD24EF7}.Debug|Any CPU.Build.0 = Debug|Any CPU
		{4D1A862F-2F20-4942-A7F9-6FD6ADD24EF7}.Release|Any CPU.ActiveCfg = Release|Any CPU
		{4D1A862F-2F20-4942-A7F9-6FD6ADD24EF7}.Release|Any CPU.Build.0 = Release|Any CPU
		{1D3F33D5-0509-4EC5-AC11-45EFED48E937}.Debug|Any CPU.ActiveCfg = Debug|Any CPU
		{1D3F33D5-0509-4EC5-AC11-45EFED48E937}.Debug|Any CPU.Build.0 = Debug|Any CPU
		{1D3F33D5-0509-4EC5-AC11-45EFED48E937}.Release|Any CPU.ActiveCfg = Release|Any CPU
		{1D3F33D5-0509-4EC5-AC11-45EFED48E937}.Release|Any CPU.Build.0 = Release|Any CPU
		{129198AB-50F7-45CD-B45C-667A829CAC2A}.Debug|Any CPU.ActiveCfg = Debug|Any CPU
		{129198AB-50F7-45CD-B45C-667A829CAC2A}.Debug|Any CPU.Build.0 = Debug|Any CPU
		{129198AB-50F7-45CD-B45C-667A829CAC2A}.Release|Any CPU.ActiveCfg = Release|Any CPU
		{129198AB-50F7-45CD-B45C-667A829CAC2A}.Release|Any CPU.Build.0 = Release|Any CPU
		{CB69B8E5-FC28-4EC2-86CB-1A1E0265CDF7}.Debug|Any CPU.ActiveCfg = Debug|Any CPU
		{CB69B8E5-FC28-4EC2-86CB-1A1E0265CDF7}.Debug|Any CPU.Build.0 = Debug|Any CPU
		{CB69B8E5-FC28-4EC2-86CB-1A1E0265CDF7}.Release|Any CPU.ActiveCfg = Release|Any CPU
		{CB69B8E5-FC28-4EC2-86CB-1A1E0265CDF7}.Release|Any CPU.Build.0 = Release|Any CPU
		{4EA210E1-795B-41BA-A562-297ECDE4D9C4}.Debug|Any CPU.ActiveCfg = Debug|Any CPU
		{4EA210E1-795B-41BA-A562-297ECDE4D9C4}.Debug|Any CPU.Build.0 = Debug|Any CPU
		{4EA210E1-795B-41BA-A562-297ECDE4D9C4}.Release|Any CPU.ActiveCfg = Release|Any CPU
		{4EA210E1-795B-41BA-A562-297ECDE4D9C4}.Release|Any CPU.Build.0 = Release|Any CPU
		{5CA0962D-7B28-461A-8E1E-5D118972FEC6}.Debug|Any CPU.ActiveCfg = Debug|Any CPU
		{5CA0962D-7B28-461A-8E1E-5D118972FEC6}.Debug|Any CPU.Build.0 = Debug|Any CPU
		{5CA0962D-7B28-461A-8E1E-5D118972FEC6}.Release|Any CPU.ActiveCfg = Release|Any CPU
		{5CA0962D-7B28-461A-8E1E-5D118972FEC6}.Release|Any CPU.Build.0 = Release|Any CPU
		{89485B21-2D95-4B8A-8165-D89EC6BF2176}.Debug|Any CPU.ActiveCfg = Debug|Any CPU
		{89485B21-2D95-4B8A-8165-D89EC6BF2176}.Debug|Any CPU.Build.0 = Debug|Any CPU
		{89485B21-2D95-4B8A-8165-D89EC6BF2176}.Release|Any CPU.ActiveCfg = Release|Any CPU
		{89485B21-2D95-4B8A-8165-D89EC6BF2176}.Release|Any CPU.Build.0 = Release|Any CPU
		{945A6771-4375-4A85-A343-454543641C93}.Debug|Any CPU.ActiveCfg = Debug|Any CPU
		{945A6771-4375-4A85-A343-454543641C93}.Debug|Any CPU.Build.0 = Debug|Any CPU
		{945A6771-4375-4A85-A343-454543641C93}.Release|Any CPU.ActiveCfg = Release|Any CPU
		{945A6771-4375-4A85-A343-454543641C93}.Release|Any CPU.Build.0 = Release|Any CPU
		{345E1520-4F83-4452-84DA-6C3693229AB9}.Debug|Any CPU.ActiveCfg = Debug|Any CPU
		{345E1520-4F83-4452-84DA-6C3693229AB9}.Debug|Any CPU.Build.0 = Debug|Any CPU
		{345E1520-4F83-4452-84DA-6C3693229AB9}.Release|Any CPU.ActiveCfg = Release|Any CPU
		{345E1520-4F83-4452-84DA-6C3693229AB9}.Release|Any CPU.Build.0 = Release|Any CPU
		{11AD3C46-5751-4D8B-8C9A-79AAE55CCEC6}.Debug|Any CPU.ActiveCfg = Debug|Any CPU
		{11AD3C46-5751-4D8B-8C9A-79AAE55CCEC6}.Debug|Any CPU.Build.0 = Debug|Any CPU
		{11AD3C46-5751-4D8B-8C9A-79AAE55CCEC6}.Release|Any CPU.ActiveCfg = Release|Any CPU
		{11AD3C46-5751-4D8B-8C9A-79AAE55CCEC6}.Release|Any CPU.Build.0 = Release|Any CPU
		{8D88BAA6-8D5B-41F8-9CFC-0A333622FDD4}.Debug|Any CPU.ActiveCfg = Debug|Any CPU
		{8D88BAA6-8D5B-41F8-9CFC-0A333622FDD4}.Debug|Any CPU.Build.0 = Debug|Any CPU
		{8D88BAA6-8D5B-41F8-9CFC-0A333622FDD4}.Release|Any CPU.ActiveCfg = Release|Any CPU
		{8D88BAA6-8D5B-41F8-9CFC-0A333622FDD4}.Release|Any CPU.Build.0 = Release|Any CPU
	EndGlobalSection
	GlobalSection(SolutionProperties) = preSolution
		HideSolutionNode = FALSE
	EndGlobalSection
	GlobalSection(ExtensibilityGlobals) = postSolution
		SolutionGuid = {87073FE6-BE4F-4E85-8476-092B94E4D869}
	EndGlobalSection
EndGlobal
